
Microsoft Visual Studio Solution File, Format Version 12.00
# Visual Studio Version 16
VisualStudioVersion = 16.0.30717.126
MinimumVisualStudioVersion = 10.0.40219.1
Project("{9A19103F-16F7-4668-BE54-9A1E7A4F7556}") = "Example", "Example\Example.csproj", "{78020A01-881B-43A1-8221-5F05328FD278}"
EndProject
Project("{9A19103F-16F7-4668-BE54-9A1E7A4F7556}") = "Benchmarks", "Benchmarks\Benchmarks.csproj", "{887445BE-656B-4ABA-A748-E9B31CFFCFB3}"
EndProject
Global
	GlobalSection(SolutionConfigurationPlatforms) = preSolution
		Debug|Any CPU = Debug|Any CPU
		Release|Any CPU = Release|Any CPU
	EndGlobalSection
	GlobalSection(ProjectConfigurationPlatforms) = postSolution
		{78020A01-881B-43A1-8221-5F05328FD278}.Debug|Any CPU.ActiveCfg = Debug|Any CPU
		{78020A01-881B-43A1-8221-5F05328FD278}.Debug|Any CPU.Build.0 = Debug|Any CPU
		{78020A01-881B-43A1-8221-5F05328FD278}.Release|Any CPU.ActiveCfg = Release|Any CPU
		{78020A01-881B-43A1-8221-5F05328FD278}.Release|Any CPU.Build.0 = Release|Any CPU
		{887445BE-656B-4ABA-A748-E9B31CFFCFB3}.Debug|Any CPU.ActiveCfg = Debug|Any CPU
		{887445BE-656B-4ABA-A748-E9B31CFFCFB3}.Debug|Any CPU.Build.0 = Debug|Any CPU
		{887445BE-656B-4ABA-A748-E9B31CFFCFB3}.Release|Any CPU.ActiveCfg = Release|Any CPU
		{887445BE-656B-4ABA-A748-E9B31CFFCFB3}.Release|Any CPU.Build.0 = Release|Any CPU
	EndGlobalSection
	GlobalSection(SolutionProperties) = preSolution
		HideSolutionNode = FALSE
	EndGlobalSection
	GlobalSection(ExtensibilityGlobals) = postSolution
		SolutionGuid = {D33DAE3E-8673-43A1-9100-01FA9FFE31E5}
	EndGlobalSection
EndGlobal
